
Microsoft Visual Studio Solution File, Format Version 12.00
# Visual Studio Version 17
VisualStudioVersion = 17.5.002.0
MinimumVisualStudioVersion = 10.0.40219.1
Project("{9A19103F-16F7-4668-BE54-9A1E7A4F7556}") = "demoapi", "demoapi\demoapi.csproj", "{C9158AC7-80A8-486E-BD1D-E01185606AD8}"
EndProject
Project("{9A19103F-16F7-4668-BE54-9A1E7A4F7556}") = "FoodOrderingSystem", "FoodOrderingSystem\FoodOrderingSystem.csproj", "{FBF7F231-44CE-45A0-99EE-79FB1F4A5EBF}"
EndProject
Global
	GlobalSection(SolutionConfigurationPlatforms) = preSolution
		Debug|Any CPU = Debug|Any CPU
		Release|Any CPU = Release|Any CPU
	EndGlobalSection
	GlobalSection(ProjectConfigurationPlatforms) = postSolution
		{C9158AC7-80A8-486E-BD1D-E01185606AD8}.Debug|Any CPU.ActiveCfg = Debug|Any CPU
		{C9158AC7-80A8-486E-BD1D-E01185606AD8}.Debug|Any CPU.Build.0 = Debug|Any CPU
		{C9158AC7-80A8-486E-BD1D-E01185606AD8}.Release|Any CPU.ActiveCfg = Release|Any CPU
		{C9158AC7-80A8-486E-BD1D-E01185606AD8}.Release|Any CPU.Build.0 = Release|Any CPU
		{FBF7F231-44CE-45A0-99EE-79FB1F4A5EBF}.Debug|Any CPU.ActiveCfg = Debug|Any CPU
		{FBF7F231-44CE-45A0-99EE-79FB1F4A5EBF}.Debug|Any CPU.Build.0 = Debug|Any CPU
		{FBF7F231-44CE-45A0-99EE-79FB1F4A5EBF}.Release|Any CPU.ActiveCfg = Release|Any CPU
		{FBF7F231-44CE-45A0-99EE-79FB1F4A5EBF}.Release|Any CPU.Build.0 = Release|Any CPU
	EndGlobalSection
	GlobalSection(SolutionProperties) = preSolution
		HideSolutionNode = FALSE
	EndGlobalSection
	GlobalSection(ExtensibilityGlobals) = postSolution
		SolutionGuid = {E650832C-4C97-4701-86C5-6740BCD1A67F}
	EndGlobalSection
EndGlobal
